
Microsoft Visual Studio Solution File, Format Version 12.00
# Visual Studio Version 17
VisualStudioVersion = 17.8.34322.80
MinimumVisualStudioVersion = 10.0.40219.1
Project("{8BC9CEB8-8B4A-11D0-8D11-00A0C91BC942}") = "helloworld", "roadmap_cpp\roadmap_cpp.vcxproj", "{5415FD00-05BA-4540-9E71-44D8C0BD5079}"
EndProject
Project("{8BC9CEB8-8B4A-11D0-8D11-00A0C91BC942}") = "BasicOperations", "BasicOperations\BasicOperations.vcxproj", "{53FE6E4C-A564-48E3-8C84-E5EE6FEA9C81}"
EndProject
Project("{8BC9CEB8-8B4A-11D0-8D11-00A0C91BC942}") = "Functions", "Functions\Functions.vcxproj", "{C36C0DCE-1F4E-4596-A92D-7B32979529A3}"
EndProject
Project("{8BC9CEB8-8B4A-11D0-8D11-00A0C91BC942}") = "LambdaFunctions", "LambdaFunctions\LambdaFunctions.vcxproj", "{43EDB3C7-AB9C-4D7A-8792-E2C3029E027C}"
EndProject
Project("{8BC9CEB8-8B4A-11D0-8D11-00A0C91BC942}") = "Operators", "Operators\Operators.vcxproj", "{C1951CF2-1535-4DA9-81C4-4F4031961BB5}"
EndProject
Project("{8BC9CEB8-8B4A-11D0-8D11-00A0C91BC942}") = "DataTypes", "DataTypes\DataTypes.vcxproj", "{D27B5A93-09BF-40E0-95B4-35A7DAC340D6}"
EndProject
Project("{8BC9CEB8-8B4A-11D0-8D11-00A0C91BC942}") = "StaticTyping", "StaticTyping\StaticTyping.vcxproj", "{D8ED46B8-3B5B-46B8-A6A3-54C43554C2F4}"
EndProject
Project("{8BC9CEB8-8B4A-11D0-8D11-00A0C91BC942}") = "DynamicTyping", "DynamicTyping\DynamicTyping.vcxproj", "{5E2494B7-9E0D-403F-8131-0CE008DAAD22}"
EndProject
Project("{8BC9CEB8-8B4A-11D0-8D11-00A0C91BC942}") = "Run-TimeTypeIdentification", "Run-TimeTypeIdentification\Run-TimeTypeIdentification.vcxproj", "{DC40EE1F-CEC1-409B-80FA-F92FD2BF01AE}"
EndProject
Project("{8BC9CEB8-8B4A-11D0-8D11-00A0C91BC942}") = "PointersReferences", "PointersReferences\PointersReferences.vcxproj", "{D79C907F-DF6C-4A03-90ED-CFA8B1D27561}"
EndProject
Project("{8BC9CEB8-8B4A-11D0-8D11-00A0C91BC942}") = "References", "References\References.vcxproj", "{56A8A432-92FE-4464-B580-93DA7438A73C}"
EndProject
Project("{8BC9CEB8-8B4A-11D0-8D11-00A0C91BC942}") = "MemoryModel", "MemoryModel\MemoryModel.vcxproj", "{7AF35372-2496-4B56-BFCC-47214B437FAC}"
EndProject
Project("{8BC9CEB8-8B4A-11D0-8D11-00A0C91BC942}") = "ObjectLifetime", "ObjectLifetime\ObjectLifetime.vcxproj", "{5EE8B043-7F43-4D8E-B56F-633E9050820A}"
EndProject
Project("{8BC9CEB8-8B4A-11D0-8D11-00A0C91BC942}") = "new_delete_operators", "new_delete_operators\new_delete_operators.vcxproj", "{877AA26B-4C7B-4890-923A-5A05D412C181}"
EndProject
Project("{8BC9CEB8-8B4A-11D0-8D11-00A0C91BC942}") = "MemoryLeakage", "MemoryLeakage\MemoryLeakage.vcxproj", "{B13FF590-C6C2-40E9-B21F-C2B04E299102}"
EndProject
Project("{8BC9CEB8-8B4A-11D0-8D11-00A0C91BC942}") = "UniquePointer", "UniquePointer\UniquePointer.vcxproj", "{B40880E9-595B-446F-9148-489A155185D5}"
EndProject
Project("{8BC9CEB8-8B4A-11D0-8D11-00A0C91BC942}") = "SharedPointer", "SharedPointer\SharedPointer.vcxproj", "{5589480B-C074-4372-AB1A-25A44331E477}"
EndProject
Project("{8BC9CEB8-8B4A-11D0-8D11-00A0C91BC942}") = "WeakPointer", "WeakPointer\WeakPointer.vcxproj", "{CED1BA0C-73C8-4481-9EF0-12693E5F4D5E}"
EndProject
Project("{8BC9CEB8-8B4A-11D0-8D11-00A0C91BC942}") = "StructuringCodebase", "StructuringCodebase\StructuringCodebase.vcxproj", "{2FF3B3A4-9AC4-436B-A7DA-BD2730E74F41}"
EndProject
Project("{8BC9CEB8-8B4A-11D0-8D11-00A0C91BC942}") = "Scope", "Scope\Scope.vcxproj", "{AA819551-F1BF-43A8-9CC8-555704B630AE}"
EndProject
Project("{8BC9CEB8-8B4A-11D0-8D11-00A0C91BC942}") = "CodeSplitting", "CodeSplitting\CodeSplitting.vcxproj", "{60015EB5-7D9F-4865-9DE3-64ADD220F374}"
EndProject
Project("{8BC9CEB8-8B4A-11D0-8D11-00A0C91BC942}") = "Namespaces", "Namespaces\Namespaces.vcxproj", "{079BA942-966E-4842-AAD9-4D0034F3AC4D}"
EndProject
Project("{8BC9CEB8-8B4A-11D0-8D11-00A0C91BC942}") = "ForwardDeclaration", "ForwardDeclaration\ForwardDeclaration.vcxproj", "{E21B1214-9098-4D0C-8DFD-9A650C9E5689}"
EndProject
Project("{8BC9CEB8-8B4A-11D0-8D11-00A0C91BC942}") = "StructuresClasses", "StructuresClasses\StructuresClasses.vcxproj", "{ABBB2E48-0F30-4A44-B840-339CF4D0E2BD}"
EndProject
Project("{8BC9CEB8-8B4A-11D0-8D11-00A0C91BC942}") = "ObjectOrientedProgramming", "ObjectOrientedProgramming\ObjectOrientedProgramming.vcxproj", "{4468BE11-D73B-4204-8249-FB06433E87C9}"
EndProject
Project("{8BC9CEB8-8B4A-11D0-8D11-00A0C91BC942}") = "FunctionOverloading", "FunctionOverloading\FunctionOverloading.vcxproj", "{B41F51F5-CFDC-419D-8C78-42D5B89C656F}"
EndProject
Project("{8BC9CEB8-8B4A-11D0-8D11-00A0C91BC942}") = "StaticPolymorphism", "StaticPolymorphism\StaticPolymorphism.vcxproj", "{CC07CD57-6D71-437A-94C0-550F79D9595E}"
EndProject
Project("{8BC9CEB8-8B4A-11D0-8D11-00A0C91BC942}") = "DynamicPolymorphism", "DynamicPolymorphism\DynamicPolymorphism.vcxproj", "{56C846EE-9579-4134-B1C0-0FAEAC6D6A1B}"
EndProject
Project("{8BC9CEB8-8B4A-11D0-8D11-00A0C91BC942}") = "VirtualMethods", "VirtualMethods\VirtualMethods.vcxproj", "{AB310109-B5F5-40E8-9AEB-E0D96727B32D}"
EndProject
Project("{8BC9CEB8-8B4A-11D0-8D11-00A0C91BC942}") = "VirtualTables", "VirtualTables\VirtualTables.vcxproj", "{3CCEF215-B370-4CF7-951D-8276FE9BCB39}"
EndProject
Project("{8BC9CEB8-8B4A-11D0-8D11-00A0C91BC942}") = "MultipleInheritance", "MultipleInheritance\MultipleInheritance.vcxproj", "{D54B3B9E-42D7-448F-8A24-D1C7E04EC55D}"
EndProject
Project("{8BC9CEB8-8B4A-11D0-8D11-00A0C91BC942}") = "DiamondInheritance", "DiamondInheritance\DiamondInheritance.vcxproj", "{AFEFDB3C-A2A4-47EC-B86A-690855CA1978}"
EndProject
Project("{8BC9CEB8-8B4A-11D0-8D11-00A0C91BC942}") = "RuleZeroFiveThree", "RuleZeroFiveThree\RuleZeroFiveThree.vcxproj", "{DA3467F1-B26C-4746-B794-5C1AA3EF7D74}"
EndProject
Project("{8BC9CEB8-8B4A-11D0-8D11-00A0C91BC942}") = "ExceptionHandling", "ExceptionHandling\ExceptionHandling.vcxproj", "{555E1F2C-F81D-4968-8DD3-72F5D5D698A5}"
EndProject
Project("{8BC9CEB8-8B4A-11D0-8D11-00A0C91BC942}") = "ExitCodes", "ExitCodes\ExitCodes.vcxproj", "{971BEF0F-53A7-4C08-AE7D-E312991E8120}"
EndProject
Project("{8BC9CEB8-8B4A-11D0-8D11-00A0C91BC942}") = "Exception", "Exception\Exception.vcxproj", "{59918730-49DC-4B8E-AB6A-82D06E172A4B}"
EndProject
Project("{8BC9CEB8-8B4A-11D0-8D11-00A0C91BC942}") = "AccessViolations", "AccessViolations\AccessViolations.vcxproj", "{A379403F-49D6-4895-94DA-CC4BB73B5B0E}"
EndProject
Project("{8BC9CEB8-8B4A-11D0-8D11-00A0C91BC942}") = "LanguageConcepts", "LanguageConcepts\LanguageConcepts.vcxproj", "{06B4A19F-1E7C-4B64-85C4-46FD6B541D02}"
EndProject
Project("{8BC9CEB8-8B4A-11D0-8D11-00A0C91BC942}") = "AutomaticTypeDeduction", "AutomaticTypeDeduction\AutomaticTypeDeduction.vcxproj", "{B0D60AEE-7F6A-499A-8DA5-AA07EEE6EFAC}"
EndProject
Project("{8BC9CEB8-8B4A-11D0-8D11-00A0C91BC942}") = "TypeCasting", "TypeCasting\TypeCasting.vcxproj", "{20F8CC17-1107-49BE-8EBB-7B1BD99CED38}"
EndProject
Project("{8BC9CEB8-8B4A-11D0-8D11-00A0C91BC942}") = "StaticCast", "StaticCast\StaticCast.vcxproj", "{7467D197-0660-491B-89AC-C145D42A7D8D}"
EndProject
Project("{8BC9CEB8-8B4A-11D0-8D11-00A0C91BC942}") = "const_cast", "const_cast\const_cast.vcxproj", "{38545B30-0546-4626-8B9B-6764507CAD91}"
EndProject
Project("{8BC9CEB8-8B4A-11D0-8D11-00A0C91BC942}") = "DynamicCast", "DynamicCast\DynamicCast.vcxproj", "{D46C2C8A-3441-43B0-B93D-84E2D6DFE4C9}"
EndProject
Project("{8BC9CEB8-8B4A-11D0-8D11-00A0C91BC942}") = "reinterpret_cast", "reinterpret_cast\reinterpret_cast.vcxproj", "{802C6E93-BB66-425A-AE8C-AB674F4CFF9D}"
EndProject
Project("{8BC9CEB8-8B4A-11D0-8D11-00A0C91BC942}") = "UndefinedBehavior", "UndefinedBehavior\UndefinedBehavior.vcxproj", "{0EFCDFD1-7307-4F17-BEC2-921708D938CF}"
EndProject
Project("{8BC9CEB8-8B4A-11D0-8D11-00A0C91BC942}") = "ArgumentDependentLookup", "ArgumentDependentLookup\ArgumentDependentLookup.vcxproj", "{865DB4BF-9DBA-4418-9CF9-654A6E6DF0C4}"
EndProject
Project("{8BC9CEB8-8B4A-11D0-8D11-00A0C91BC942}") = "Macros", "Macros\Macros.vcxproj", "{B206801A-04A4-4C1E-A40D-079E14FC7E11}"
EndProject
Project("{8BC9CEB8-8B4A-11D0-8D11-00A0C91BC942}") = "NameMangling", "NameMangling\NameMangling.vcxproj", "{72BBDAD4-A851-48B8-A3BA-7A1F81D9CF53}"
EndProject
Project("{8BC9CEB8-8B4A-11D0-8D11-00A0C91BC942}") = "StandardTemplateLibrary", "StandardTemplateLibrary\StandardTemplateLibrary.vcxproj", "{26C1E99A-A4F6-4C1E-94B9-208A031232C1}"
EndProject
Project("{8BC9CEB8-8B4A-11D0-8D11-00A0C91BC942}") = "iostream", "iostream\iostream.vcxproj", "{23380D48-094E-4745-BACB-C584B81C86A1}"
EndProject
Project("{8BC9CEB8-8B4A-11D0-8D11-00A0C91BC942}") = "DateTime", "DateTime\DateTime.vcxproj", "{DF0899F5-9323-4EAD-8379-D5CF158C6024}"
EndProject
Project("{8BC9CEB8-8B4A-11D0-8D11-00A0C91BC942}") = "Iterators", "Iterators\Iterators.vcxproj", "{43F0EC3A-5746-4479-84B8-3F5DD88958A2}"
EndProject
Project("{8BC9CEB8-8B4A-11D0-8D11-00A0C91BC942}") = "Algorithms", "Algorithms\Algorithms.vcxproj", "{EB348E12-4D2E-46F1-A959-F05F75593336}"
EndProject
Project("{8BC9CEB8-8B4A-11D0-8D11-00A0C91BC942}") = "Containers", "Containers\Containers.vcxproj", "{80A3A988-8EA4-4867-8015-BCB7F65642C3}"
EndProject
Project("{8BC9CEB8-8B4A-11D0-8D11-00A0C91BC942}") = "Multithreading", "Multithreading\Multithreading.vcxproj", "{45F8203C-64D9-4D05-81BE-7E4101109611}"
EndProject
Project("{8BC9CEB8-8B4A-11D0-8D11-00A0C91BC942}") = "Templates", "Templates\Templates.vcxproj", "{1AC51EE7-0C57-4901-9A07-1B322A33AB67}"
EndProject
Global
	GlobalSection(SolutionConfigurationPlatforms) = preSolution
		Debug|x64 = Debug|x64
		Debug|x86 = Debug|x86
		Release|x64 = Release|x64
		Release|x86 = Release|x86
	EndGlobalSection
	GlobalSection(ProjectConfigurationPlatforms) = postSolution
		{5415FD00-05BA-4540-9E71-44D8C0BD5079}.Debug|x64.ActiveCfg = Debug|x64
		{5415FD00-05BA-4540-9E71-44D8C0BD5079}.Debug|x64.Build.0 = Debug|x64
		{5415FD00-05BA-4540-9E71-44D8C0BD5079}.Debug|x86.ActiveCfg = Debug|Win32
		{5415FD00-05BA-4540-9E71-44D8C0BD5079}.Debug|x86.Build.0 = Debug|Win32
		{5415FD00-05BA-4540-9E71-44D8C0BD5079}.Release|x64.ActiveCfg = Release|x64
		{5415FD00-05BA-4540-9E71-44D8C0BD5079}.Release|x64.Build.0 = Release|x64
		{5415FD00-05BA-4540-9E71-44D8C0BD5079}.Release|x86.ActiveCfg = Release|Win32
		{5415FD00-05BA-4540-9E71-44D8C0BD5079}.Release|x86.Build.0 = Release|Win32
		{53FE6E4C-A564-48E3-8C84-E5EE6FEA9C81}.Debug|x64.ActiveCfg = Debug|x64
		{53FE6E4C-A564-48E3-8C84-E5EE6FEA9C81}.Debug|x64.Build.0 = Debug|x64
		{53FE6E4C-A564-48E3-8C84-E5EE6FEA9C81}.Debug|x86.ActiveCfg = Debug|Win32
		{53FE6E4C-A564-48E3-8C84-E5EE6FEA9C81}.Debug|x86.Build.0 = Debug|Win32
		{53FE6E4C-A564-48E3-8C84-E5EE6FEA9C81}.Release|x64.ActiveCfg = Release|x64
		{53FE6E4C-A564-48E3-8C84-E5EE6FEA9C81}.Release|x64.Build.0 = Release|x64
		{53FE6E4C-A564-48E3-8C84-E5EE6FEA9C81}.Release|x86.ActiveCfg = Release|Win32
		{53FE6E4C-A564-48E3-8C84-E5EE6FEA9C81}.Release|x86.Build.0 = Release|Win32
		{C36C0DCE-1F4E-4596-A92D-7B32979529A3}.Debug|x64.ActiveCfg = Debug|x64
		{C36C0DCE-1F4E-4596-A92D-7B32979529A3}.Debug|x64.Build.0 = Debug|x64
		{C36C0DCE-1F4E-4596-A92D-7B32979529A3}.Debug|x86.ActiveCfg = Debug|Win32
		{C36C0DCE-1F4E-4596-A92D-7B32979529A3}.Debug|x86.Build.0 = Debug|Win32
		{C36C0DCE-1F4E-4596-A92D-7B32979529A3}.Release|x64.ActiveCfg = Release|x64
		{C36C0DCE-1F4E-4596-A92D-7B32979529A3}.Release|x64.Build.0 = Release|x64
		{C36C0DCE-1F4E-4596-A92D-7B32979529A3}.Release|x86.ActiveCfg = Release|Win32
		{C36C0DCE-1F4E-4596-A92D-7B32979529A3}.Release|x86.Build.0 = Release|Win32
		{43EDB3C7-AB9C-4D7A-8792-E2C3029E027C}.Debug|x64.ActiveCfg = Debug|x64
		{43EDB3C7-AB9C-4D7A-8792-E2C3029E027C}.Debug|x64.Build.0 = Debug|x64
		{43EDB3C7-AB9C-4D7A-8792-E2C3029E027C}.Debug|x86.ActiveCfg = Debug|Win32
		{43EDB3C7-AB9C-4D7A-8792-E2C3029E027C}.Debug|x86.Build.0 = Debug|Win32
		{43EDB3C7-AB9C-4D7A-8792-E2C3029E027C}.Release|x64.ActiveCfg = Release|x64
		{43EDB3C7-AB9C-4D7A-8792-E2C3029E027C}.Release|x64.Build.0 = Release|x64
		{43EDB3C7-AB9C-4D7A-8792-E2C3029E027C}.Release|x86.ActiveCfg = Release|Win32
		{43EDB3C7-AB9C-4D7A-8792-E2C3029E027C}.Release|x86.Build.0 = Release|Win32
		{C1951CF2-1535-4DA9-81C4-4F4031961BB5}.Debug|x64.ActiveCfg = Debug|x64
		{C1951CF2-1535-4DA9-81C4-4F4031961BB5}.Debug|x64.Build.0 = Debug|x64
		{C1951CF2-1535-4DA9-81C4-4F4031961BB5}.Debug|x86.ActiveCfg = Debug|Win32
		{C1951CF2-1535-4DA9-81C4-4F4031961BB5}.Debug|x86.Build.0 = Debug|Win32
		{C1951CF2-1535-4DA9-81C4-4F4031961BB5}.Release|x64.ActiveCfg = Release|x64
		{C1951CF2-1535-4DA9-81C4-4F4031961BB5}.Release|x64.Build.0 = Release|x64
		{C1951CF2-1535-4DA9-81C4-4F4031961BB5}.Release|x86.ActiveCfg = Release|Win32
		{C1951CF2-1535-4DA9-81C4-4F4031961BB5}.Release|x86.Build.0 = Release|Win32
		{D27B5A93-09BF-40E0-95B4-35A7DAC340D6}.Debug|x64.ActiveCfg = Debug|x64
		{D27B5A93-09BF-40E0-95B4-35A7DAC340D6}.Debug|x64.Build.0 = Debug|x64
		{D27B5A93-09BF-40E0-95B4-35A7DAC340D6}.Debug|x86.ActiveCfg = Debug|Win32
		{D27B5A93-09BF-40E0-95B4-35A7DAC340D6}.Debug|x86.Build.0 = Debug|Win32
		{D27B5A93-09BF-40E0-95B4-35A7DAC340D6}.Release|x64.ActiveCfg = Release|x64
		{D27B5A93-09BF-40E0-95B4-35A7DAC340D6}.Release|x64.Build.0 = Release|x64
		{D27B5A93-09BF-40E0-95B4-35A7DAC340D6}.Release|x86.ActiveCfg = Release|Win32
		{D27B5A93-09BF-40E0-95B4-35A7DAC340D6}.Release|x86.Build.0 = Release|Win32
		{D8ED46B8-3B5B-46B8-A6A3-54C43554C2F4}.Debug|x64.ActiveCfg = Debug|x64
		{D8ED46B8-3B5B-46B8-A6A3-54C43554C2F4}.Debug|x64.Build.0 = Debug|x64
		{D8ED46B8-3B5B-46B8-A6A3-54C43554C2F4}.Debug|x86.ActiveCfg = Debug|Win32
		{D8ED46B8-3B5B-46B8-A6A3-54C43554C2F4}.Debug|x86.Build.0 = Debug|Win32
		{D8ED46B8-3B5B-46B8-A6A3-54C43554C2F4}.Release|x64.ActiveCfg = Release|x64
		{D8ED46B8-3B5B-46B8-A6A3-54C43554C2F4}.Release|x64.Build.0 = Release|x64
		{D8ED46B8-3B5B-46B8-A6A3-54C43554C2F4}.Release|x86.ActiveCfg = Release|Win32
		{D8ED46B8-3B5B-46B8-A6A3-54C43554C2F4}.Release|x86.Build.0 = Release|Win32
		{5E2494B7-9E0D-403F-8131-0CE008DAAD22}.Debug|x64.ActiveCfg = Debug|x64
		{5E2494B7-9E0D-403F-8131-0CE008DAAD22}.Debug|x64.Build.0 = Debug|x64
		{5E2494B7-9E0D-403F-8131-0CE008DAAD22}.Debug|x86.ActiveCfg = Debug|Win32
		{5E2494B7-9E0D-403F-8131-0CE008DAAD22}.Debug|x86.Build.0 = Debug|Win32
		{5E2494B7-9E0D-403F-8131-0CE008DAAD22}.Release|x64.ActiveCfg = Release|x64
		{5E2494B7-9E0D-403F-8131-0CE008DAAD22}.Release|x64.Build.0 = Release|x64
		{5E2494B7-9E0D-403F-8131-0CE008DAAD22}.Release|x86.ActiveCfg = Release|Win32
		{5E2494B7-9E0D-403F-8131-0CE008DAAD22}.Release|x86.Build.0 = Release|Win32
		{DC40EE1F-CEC1-409B-80FA-F92FD2BF01AE}.Debug|x64.ActiveCfg = Debug|x64
		{DC40EE1F-CEC1-409B-80FA-F92FD2BF01AE}.Debug|x64.Build.0 = Debug|x64
		{DC40EE1F-CEC1-409B-80FA-F92FD2BF01AE}.Debug|x86.ActiveCfg = Debug|Win32
		{DC40EE1F-CEC1-409B-80FA-F92FD2BF01AE}.Debug|x86.Build.0 = Debug|Win32
		{DC40EE1F-CEC1-409B-80FA-F92FD2BF01AE}.Release|x64.ActiveCfg = Release|x64
		{DC40EE1F-CEC1-409B-80FA-F92FD2BF01AE}.Release|x64.Build.0 = Release|x64
		{DC40EE1F-CEC1-409B-80FA-F92FD2BF01AE}.Release|x86.ActiveCfg = Release|Win32
		{DC40EE1F-CEC1-409B-80FA-F92FD2BF01AE}.Release|x86.Build.0 = Release|Win32
		{D79C907F-DF6C-4A03-90ED-CFA8B1D27561}.Debug|x64.ActiveCfg = Debug|x64
		{D79C907F-DF6C-4A03-90ED-CFA8B1D27561}.Debug|x64.Build.0 = Debug|x64
		{D79C907F-DF6C-4A03-90ED-CFA8B1D27561}.Debug|x86.ActiveCfg = Debug|Win32
		{D79C907F-DF6C-4A03-90ED-CFA8B1D27561}.Debug|x86.Build.0 = Debug|Win32
		{D79C907F-DF6C-4A03-90ED-CFA8B1D27561}.Release|x64.ActiveCfg = Release|x64
		{D79C907F-DF6C-4A03-90ED-CFA8B1D27561}.Release|x64.Build.0 = Release|x64
		{D79C907F-DF6C-4A03-90ED-CFA8B1D27561}.Release|x86.ActiveCfg = Release|Win32
		{D79C907F-DF6C-4A03-90ED-CFA8B1D27561}.Release|x86.Build.0 = Release|Win32
		{56A8A432-92FE-4464-B580-93DA7438A73C}.Debug|x64.ActiveCfg = Debug|x64
		{56A8A432-92FE-4464-B580-93DA7438A73C}.Debug|x64.Build.0 = Debug|x64
		{56A8A432-92FE-4464-B580-93DA7438A73C}.Debug|x86.ActiveCfg = Debug|Win32
		{56A8A432-92FE-4464-B580-93DA7438A73C}.Debug|x86.Build.0 = Debug|Win32
		{56A8A432-92FE-4464-B580-93DA7438A73C}.Release|x64.ActiveCfg = Release|x64
		{56A8A432-92FE-4464-B580-93DA7438A73C}.Release|x64.Build.0 = Release|x64
		{56A8A432-92FE-4464-B580-93DA7438A73C}.Release|x86.ActiveCfg = Release|Win32
		{56A8A432-92FE-4464-B580-93DA7438A73C}.Release|x86.Build.0 = Release|Win32
		{7AF35372-2496-4B56-BFCC-47214B437FAC}.Debug|x64.ActiveCfg = Debug|x64
		{7AF35372-2496-4B56-BFCC-47214B437FAC}.Debug|x64.Build.0 = Debug|x64
		{7AF35372-2496-4B56-BFCC-47214B437FAC}.Debug|x86.ActiveCfg = Debug|Win32
		{7AF35372-2496-4B56-BFCC-47214B437FAC}.Debug|x86.Build.0 = Debug|Win32
		{7AF35372-2496-4B56-BFCC-47214B437FAC}.Release|x64.ActiveCfg = Release|x64
		{7AF35372-2496-4B56-BFCC-47214B437FAC}.Release|x64.Build.0 = Release|x64
		{7AF35372-2496-4B56-BFCC-47214B437FAC}.Release|x86.ActiveCfg = Release|Win32
		{7AF35372-2496-4B56-BFCC-47214B437FAC}.Release|x86.Build.0 = Release|Win32
		{5EE8B043-7F43-4D8E-B56F-633E9050820A}.Debug|x64.ActiveCfg = Debug|x64
		{5EE8B043-7F43-4D8E-B56F-633E9050820A}.Debug|x64.Build.0 = Debug|x64
		{5EE8B043-7F43-4D8E-B56F-633E9050820A}.Debug|x86.ActiveCfg = Debug|Win32
		{5EE8B043-7F43-4D8E-B56F-633E9050820A}.Debug|x86.Build.0 = Debug|Win32
		{5EE8B043-7F43-4D8E-B56F-633E9050820A}.Release|x64.ActiveCfg = Release|x64
		{5EE8B043-7F43-4D8E-B56F-633E9050820A}.Release|x64.Build.0 = Release|x64
		{5EE8B043-7F43-4D8E-B56F-633E9050820A}.Release|x86.ActiveCfg = Release|Win32
		{5EE8B043-7F43-4D8E-B56F-633E9050820A}.Release|x86.Build.0 = Release|Win32
		{877AA26B-4C7B-4890-923A-5A05D412C181}.Debug|x64.ActiveCfg = Debug|x64
		{877AA26B-4C7B-4890-923A-5A05D412C181}.Debug|x64.Build.0 = Debug|x64
		{877AA26B-4C7B-4890-923A-5A05D412C181}.Debug|x86.ActiveCfg = Debug|Win32
		{877AA26B-4C7B-4890-923A-5A05D412C181}.Debug|x86.Build.0 = Debug|Win32
		{877AA26B-4C7B-4890-923A-5A05D412C181}.Release|x64.ActiveCfg = Release|x64
		{877AA26B-4C7B-4890-923A-5A05D412C181}.Release|x64.Build.0 = Release|x64
		{877AA26B-4C7B-4890-923A-5A05D412C181}.Release|x86.ActiveCfg = Release|Win32
		{877AA26B-4C7B-4890-923A-5A05D412C181}.Release|x86.Build.0 = Release|Win32
		{B13FF590-C6C2-40E9-B21F-C2B04E299102}.Debug|x64.ActiveCfg = Debug|x64
		{B13FF590-C6C2-40E9-B21F-C2B04E299102}.Debug|x64.Build.0 = Debug|x64
		{B13FF590-C6C2-40E9-B21F-C2B04E299102}.Debug|x86.ActiveCfg = Debug|Win32
		{B13FF590-C6C2-40E9-B21F-C2B04E299102}.Debug|x86.Build.0 = Debug|Win32
		{B13FF590-C6C2-40E9-B21F-C2B04E299102}.Release|x64.ActiveCfg = Release|x64
		{B13FF590-C6C2-40E9-B21F-C2B04E299102}.Release|x64.Build.0 = Release|x64
		{B13FF590-C6C2-40E9-B21F-C2B04E299102}.Release|x86.ActiveCfg = Release|Win32
		{B13FF590-C6C2-40E9-B21F-C2B04E299102}.Release|x86.Build.0 = Release|Win32
		{B40880E9-595B-446F-9148-489A155185D5}.Debug|x64.ActiveCfg = Debug|x64
		{B40880E9-595B-446F-9148-489A155185D5}.Debug|x64.Build.0 = Debug|x64
		{B40880E9-595B-446F-9148-489A155185D5}.Debug|x86.ActiveCfg = Debug|Win32
		{B40880E9-595B-446F-9148-489A155185D5}.Debug|x86.Build.0 = Debug|Win32
		{B40880E9-595B-446F-9148-489A155185D5}.Release|x64.ActiveCfg = Release|x64
		{B40880E9-595B-446F-9148-489A155185D5}.Release|x64.Build.0 = Release|x64
		{B40880E9-595B-446F-9148-489A155185D5}.Release|x86.ActiveCfg = Release|Win32
		{B40880E9-595B-446F-9148-489A155185D5}.Release|x86.Build.0 = Release|Win32
		{5589480B-C074-4372-AB1A-25A44331E477}.Debug|x64.ActiveCfg = Debug|x64
		{5589480B-C074-4372-AB1A-25A44331E477}.Debug|x64.Build.0 = Debug|x64
		{5589480B-C074-4372-AB1A-25A44331E477}.Debug|x86.ActiveCfg = Debug|Win32
		{5589480B-C074-4372-AB1A-25A44331E477}.Debug|x86.Build.0 = Debug|Win32
		{5589480B-C074-4372-AB1A-25A44331E477}.Release|x64.ActiveCfg = Release|x64
		{5589480B-C074-4372-AB1A-25A44331E477}.Release|x64.Build.0 = Release|x64
		{5589480B-C074-4372-AB1A-25A44331E477}.Release|x86.ActiveCfg = Release|Win32
		{5589480B-C074-4372-AB1A-25A44331E477}.Release|x86.Build.0 = Release|Win32
		{CED1BA0C-73C8-4481-9EF0-12693E5F4D5E}.Debug|x64.ActiveCfg = Debug|x64
		{CED1BA0C-73C8-4481-9EF0-12693E5F4D5E}.Debug|x64.Build.0 = Debug|x64
		{CED1BA0C-73C8-4481-9EF0-12693E5F4D5E}.Debug|x86.ActiveCfg = Debug|Win32
		{CED1BA0C-73C8-4481-9EF0-12693E5F4D5E}.Debug|x86.Build.0 = Debug|Win32
		{CED1BA0C-73C8-4481-9EF0-12693E5F4D5E}.Release|x64.ActiveCfg = Release|x64
		{CED1BA0C-73C8-4481-9EF0-12693E5F4D5E}.Release|x64.Build.0 = Release|x64
		{CED1BA0C-73C8-4481-9EF0-12693E5F4D5E}.Release|x86.ActiveCfg = Release|Win32
		{CED1BA0C-73C8-4481-9EF0-12693E5F4D5E}.Release|x86.Build.0 = Release|Win32
		{2FF3B3A4-9AC4-436B-A7DA-BD2730E74F41}.Debug|x64.ActiveCfg = Debug|x64
		{2FF3B3A4-9AC4-436B-A7DA-BD2730E74F41}.Debug|x64.Build.0 = Debug|x64
		{2FF3B3A4-9AC4-436B-A7DA-BD2730E74F41}.Debug|x86.ActiveCfg = Debug|Win32
		{2FF3B3A4-9AC4-436B-A7DA-BD2730E74F41}.Debug|x86.Build.0 = Debug|Win32
		{2FF3B3A4-9AC4-436B-A7DA-BD2730E74F41}.Release|x64.ActiveCfg = Release|x64
		{2FF3B3A4-9AC4-436B-A7DA-BD2730E74F41}.Release|x64.Build.0 = Release|x64
		{2FF3B3A4-9AC4-436B-A7DA-BD2730E74F41}.Release|x86.ActiveCfg = Release|Win32
		{2FF3B3A4-9AC4-436B-A7DA-BD2730E74F41}.Release|x86.Build.0 = Release|Win32
		{AA819551-F1BF-43A8-9CC8-555704B630AE}.Debug|x64.ActiveCfg = Debug|x64
		{AA819551-F1BF-43A8-9CC8-555704B630AE}.Debug|x64.Build.0 = Debug|x64
		{AA819551-F1BF-43A8-9CC8-555704B630AE}.Debug|x86.ActiveCfg = Debug|Win32
		{AA819551-F1BF-43A8-9CC8-555704B630AE}.Debug|x86.Build.0 = Debug|Win32
		{AA819551-F1BF-43A8-9CC8-555704B630AE}.Release|x64.ActiveCfg = Release|x64
		{AA819551-F1BF-43A8-9CC8-555704B630AE}.Release|x64.Build.0 = Release|x64
		{AA819551-F1BF-43A8-9CC8-555704B630AE}.Release|x86.ActiveCfg = Release|Win32
		{AA819551-F1BF-43A8-9CC8-555704B630AE}.Release|x86.Build.0 = Release|Win32
		{60015EB5-7D9F-4865-9DE3-64ADD220F374}.Debug|x64.ActiveCfg = Debug|x64
		{60015EB5-7D9F-4865-9DE3-64ADD220F374}.Debug|x64.Build.0 = Debug|x64
		{60015EB5-7D9F-4865-9DE3-64ADD220F374}.Debug|x86.ActiveCfg = Debug|Win32
		{60015EB5-7D9F-4865-9DE3-64ADD220F374}.Debug|x86.Build.0 = Debug|Win32
		{60015EB5-7D9F-4865-9DE3-64ADD220F374}.Release|x64.ActiveCfg = Release|x64
		{60015EB5-7D9F-4865-9DE3-64ADD220F374}.Release|x64.Build.0 = Release|x64
		{60015EB5-7D9F-4865-9DE3-64ADD220F374}.Release|x86.ActiveCfg = Release|Win32
		{60015EB5-7D9F-4865-9DE3-64ADD220F374}.Release|x86.Build.0 = Release|Win32
		{079BA942-966E-4842-AAD9-4D0034F3AC4D}.Debug|x64.ActiveCfg = Debug|x64
		{079BA942-966E-4842-AAD9-4D0034F3AC4D}.Debug|x64.Build.0 = Debug|x64
		{079BA942-966E-4842-AAD9-4D0034F3AC4D}.Debug|x86.ActiveCfg = Debug|Win32
		{079BA942-966E-4842-AAD9-4D0034F3AC4D}.Debug|x86.Build.0 = Debug|Win32
		{079BA942-966E-4842-AAD9-4D0034F3AC4D}.Release|x64.ActiveCfg = Release|x64
		{079BA942-966E-4842-AAD9-4D0034F3AC4D}.Release|x64.Build.0 = Release|x64
		{079BA942-966E-4842-AAD9-4D0034F3AC4D}.Release|x86.ActiveCfg = Release|Win32
		{079BA942-966E-4842-AAD9-4D0034F3AC4D}.Release|x86.Build.0 = Release|Win32
		{E21B1214-9098-4D0C-8DFD-9A650C9E5689}.Debug|x64.ActiveCfg = Debug|x64
		{E21B1214-9098-4D0C-8DFD-9A650C9E5689}.Debug|x64.Build.0 = Debug|x64
		{E21B1214-9098-4D0C-8DFD-9A650C9E5689}.Debug|x86.ActiveCfg = Debug|Win32
		{E21B1214-9098-4D0C-8DFD-9A650C9E5689}.Debug|x86.Build.0 = Debug|Win32
		{E21B1214-9098-4D0C-8DFD-9A650C9E5689}.Release|x64.ActiveCfg = Release|x64
		{E21B1214-9098-4D0C-8DFD-9A650C9E5689}.Release|x64.Build.0 = Release|x64
		{E21B1214-9098-4D0C-8DFD-9A650C9E5689}.Release|x86.ActiveCfg = Release|Win32
		{E21B1214-9098-4D0C-8DFD-9A650C9E5689}.Release|x86.Build.0 = Release|Win32
		{ABBB2E48-0F30-4A44-B840-339CF4D0E2BD}.Debug|x64.ActiveCfg = Debug|x64
		{ABBB2E48-0F30-4A44-B840-339CF4D0E2BD}.Debug|x64.Build.0 = Debug|x64
		{ABBB2E48-0F30-4A44-B840-339CF4D0E2BD}.Debug|x86.ActiveCfg = Debug|Win32
		{ABBB2E48-0F30-4A44-B840-339CF4D0E2BD}.Debug|x86.Build.0 = Debug|Win32
		{ABBB2E48-0F30-4A44-B840-339CF4D0E2BD}.Release|x64.ActiveCfg = Release|x64
		{ABBB2E48-0F30-4A44-B840-339CF4D0E2BD}.Release|x64.Build.0 = Release|x64
		{ABBB2E48-0F30-4A44-B840-339CF4D0E2BD}.Release|x86.ActiveCfg = Release|Win32
		{ABBB2E48-0F30-4A44-B840-339CF4D0E2BD}.Release|x86.Build.0 = Release|Win32
		{4468BE11-D73B-4204-8249-FB06433E87C9}.Debug|x64.ActiveCfg = Debug|x64
		{4468BE11-D73B-4204-8249-FB06433E87C9}.Debug|x64.Build.0 = Debug|x64
		{4468BE11-D73B-4204-8249-FB06433E87C9}.Debug|x86.ActiveCfg = Debug|Win32
		{4468BE11-D73B-4204-8249-FB06433E87C9}.Debug|x86.Build.0 = Debug|Win32
		{4468BE11-D73B-4204-8249-FB06433E87C9}.Release|x64.ActiveCfg = Release|x64
		{4468BE11-D73B-4204-8249-FB06433E87C9}.Release|x64.Build.0 = Release|x64
		{4468BE11-D73B-4204-8249-FB06433E87C9}.Release|x86.ActiveCfg = Release|Win32
		{4468BE11-D73B-4204-8249-FB06433E87C9}.Release|x86.Build.0 = Release|Win32
		{B41F51F5-CFDC-419D-8C78-42D5B89C656F}.Debug|x64.ActiveCfg = Debug|x64
		{B41F51F5-CFDC-419D-8C78-42D5B89C656F}.Debug|x64.Build.0 = Debug|x64
		{B41F51F5-CFDC-419D-8C78-42D5B89C656F}.Debug|x86.ActiveCfg = Debug|Win32
		{B41F51F5-CFDC-419D-8C78-42D5B89C656F}.Debug|x86.Build.0 = Debug|Win32
		{B41F51F5-CFDC-419D-8C78-42D5B89C656F}.Release|x64.ActiveCfg = Release|x64
		{B41F51F5-CFDC-419D-8C78-42D5B89C656F}.Release|x64.Build.0 = Release|x64
		{B41F51F5-CFDC-419D-8C78-42D5B89C656F}.Release|x86.ActiveCfg = Release|Win32
		{B41F51F5-CFDC-419D-8C78-42D5B89C656F}.Release|x86.Build.0 = Release|Win32
		{CC07CD57-6D71-437A-94C0-550F79D9595E}.Debug|x64.ActiveCfg = Debug|x64
		{CC07CD57-6D71-437A-94C0-550F79D9595E}.Debug|x64.Build.0 = Debug|x64
		{CC07CD57-6D71-437A-94C0-550F79D9595E}.Debug|x86.ActiveCfg = Debug|Win32
		{CC07CD57-6D71-437A-94C0-550F79D9595E}.Debug|x86.Build.0 = Debug|Win32
		{CC07CD57-6D71-437A-94C0-550F79D9595E}.Release|x64.ActiveCfg = Release|x64
		{CC07CD57-6D71-437A-94C0-550F79D9595E}.Release|x64.Build.0 = Release|x64
		{CC07CD57-6D71-437A-94C0-550F79D9595E}.Release|x86.ActiveCfg = Release|Win32
		{CC07CD57-6D71-437A-94C0-550F79D9595E}.Release|x86.Build.0 = Release|Win32
		{56C846EE-9579-4134-B1C0-0FAEAC6D6A1B}.Debug|x64.ActiveCfg = Debug|x64
		{56C846EE-9579-4134-B1C0-0FAEAC6D6A1B}.Debug|x64.Build.0 = Debug|x64
		{56C846EE-9579-4134-B1C0-0FAEAC6D6A1B}.Debug|x86.ActiveCfg = Debug|Win32
		{56C846EE-9579-4134-B1C0-0FAEAC6D6A1B}.Debug|x86.Build.0 = Debug|Win32
		{56C846EE-9579-4134-B1C0-0FAEAC6D6A1B}.Release|x64.ActiveCfg = Release|x64
		{56C846EE-9579-4134-B1C0-0FAEAC6D6A1B}.Release|x64.Build.0 = Release|x64
		{56C846EE-9579-4134-B1C0-0FAEAC6D6A1B}.Release|x86.ActiveCfg = Release|Win32
		{56C846EE-9579-4134-B1C0-0FAEAC6D6A1B}.Release|x86.Build.0 = Release|Win32
		{AB310109-B5F5-40E8-9AEB-E0D96727B32D}.Debug|x64.ActiveCfg = Debug|x64
		{AB310109-B5F5-40E8-9AEB-E0D96727B32D}.Debug|x64.Build.0 = Debug|x64
		{AB310109-B5F5-40E8-9AEB-E0D96727B32D}.Debug|x86.ActiveCfg = Debug|Win32
		{AB310109-B5F5-40E8-9AEB-E0D96727B32D}.Debug|x86.Build.0 = Debug|Win32
		{AB310109-B5F5-40E8-9AEB-E0D96727B32D}.Release|x64.ActiveCfg = Release|x64
		{AB310109-B5F5-40E8-9AEB-E0D96727B32D}.Release|x64.Build.0 = Release|x64
		{AB310109-B5F5-40E8-9AEB-E0D96727B32D}.Release|x86.ActiveCfg = Release|Win32
		{AB310109-B5F5-40E8-9AEB-E0D96727B32D}.Release|x86.Build.0 = Release|Win32
		{3CCEF215-B370-4CF7-951D-8276FE9BCB39}.Debug|x64.ActiveCfg = Debug|x64
		{3CCEF215-B370-4CF7-951D-8276FE9BCB39}.Debug|x64.Build.0 = Debug|x64
		{3CCEF215-B370-4CF7-951D-8276FE9BCB39}.Debug|x86.ActiveCfg = Debug|Win32
		{3CCEF215-B370-4CF7-951D-8276FE9BCB39}.Debug|x86.Build.0 = Debug|Win32
		{3CCEF215-B370-4CF7-951D-8276FE9BCB39}.Release|x64.ActiveCfg = Release|x64
		{3CCEF215-B370-4CF7-951D-8276FE9BCB39}.Release|x64.Build.0 = Release|x64
		{3CCEF215-B370-4CF7-951D-8276FE9BCB39}.Release|x86.ActiveCfg = Release|Win32
		{3CCEF215-B370-4CF7-951D-8276FE9BCB39}.Release|x86.Build.0 = Release|Win32
		{D54B3B9E-42D7-448F-8A24-D1C7E04EC55D}.Debug|x64.ActiveCfg = Debug|x64
		{D54B3B9E-42D7-448F-8A24-D1C7E04EC55D}.Debug|x64.Build.0 = Debug|x64
		{D54B3B9E-42D7-448F-8A24-D1C7E04EC55D}.Debug|x86.ActiveCfg = Debug|Win32
		{D54B3B9E-42D7-448F-8A24-D1C7E04EC55D}.Debug|x86.Build.0 = Debug|Win32
		{D54B3B9E-42D7-448F-8A24-D1C7E04EC55D}.Release|x64.ActiveCfg = Release|x64
		{D54B3B9E-42D7-448F-8A24-D1C7E04EC55D}.Release|x64.Build.0 = Release|x64
		{D54B3B9E-42D7-448F-8A24-D1C7E04EC55D}.Release|x86.ActiveCfg = Release|Win32
		{D54B3B9E-42D7-448F-8A24-D1C7E04EC55D}.Release|x86.Build.0 = Release|Win32
		{AFEFDB3C-A2A4-47EC-B86A-690855CA1978}.Debug|x64.ActiveCfg = Debug|x64
		{AFEFDB3C-A2A4-47EC-B86A-690855CA1978}.Debug|x64.Build.0 = Debug|x64
		{AFEFDB3C-A2A4-47EC-B86A-690855CA1978}.Debug|x86.ActiveCfg = Debug|Win32
		{AFEFDB3C-A2A4-47EC-B86A-690855CA1978}.Debug|x86.Build.0 = Debug|Win32
		{AFEFDB3C-A2A4-47EC-B86A-690855CA1978}.Release|x64.ActiveCfg = Release|x64
		{AFEFDB3C-A2A4-47EC-B86A-690855CA1978}.Release|x64.Build.0 = Release|x64
		{AFEFDB3C-A2A4-47EC-B86A-690855CA1978}.Release|x86.ActiveCfg = Release|Win32
		{AFEFDB3C-A2A4-47EC-B86A-690855CA1978}.Release|x86.Build.0 = Release|Win32
		{DA3467F1-B26C-4746-B794-5C1AA3EF7D74}.Debug|x64.ActiveCfg = Debug|x64
		{DA3467F1-B26C-4746-B794-5C1AA3EF7D74}.Debug|x64.Build.0 = Debug|x64
		{DA3467F1-B26C-4746-B794-5C1AA3EF7D74}.Debug|x86.ActiveCfg = Debug|Win32
		{DA3467F1-B26C-4746-B794-5C1AA3EF7D74}.Debug|x86.Build.0 = Debug|Win32
		{DA3467F1-B26C-4746-B794-5C1AA3EF7D74}.Release|x64.ActiveCfg = Release|x64
		{DA3467F1-B26C-4746-B794-5C1AA3EF7D74}.Release|x64.Build.0 = Release|x64
		{DA3467F1-B26C-4746-B794-5C1AA3EF7D74}.Release|x86.ActiveCfg = Release|Win32
		{DA3467F1-B26C-4746-B794-5C1AA3EF7D74}.Release|x86.Build.0 = Release|Win32
		{555E1F2C-F81D-4968-8DD3-72F5D5D698A5}.Debug|x64.ActiveCfg = Debug|x64
		{555E1F2C-F81D-4968-8DD3-72F5D5D698A5}.Debug|x64.Build.0 = Debug|x64
		{555E1F2C-F81D-4968-8DD3-72F5D5D698A5}.Debug|x86.ActiveCfg = Debug|Win32
		{555E1F2C-F81D-4968-8DD3-72F5D5D698A5}.Debug|x86.Build.0 = Debug|Win32
		{555E1F2C-F81D-4968-8DD3-72F5D5D698A5}.Release|x64.ActiveCfg = Release|x64
		{555E1F2C-F81D-4968-8DD3-72F5D5D698A5}.Release|x64.Build.0 = Release|x64
		{555E1F2C-F81D-4968-8DD3-72F5D5D698A5}.Release|x86.ActiveCfg = Release|Win32
		{555E1F2C-F81D-4968-8DD3-72F5D5D698A5}.Release|x86.Build.0 = Release|Win32
		{971BEF0F-53A7-4C08-AE7D-E312991E8120}.Debug|x64.ActiveCfg = Debug|x64
		{971BEF0F-53A7-4C08-AE7D-E312991E8120}.Debug|x64.Build.0 = Debug|x64
		{971BEF0F-53A7-4C08-AE7D-E312991E8120}.Debug|x86.ActiveCfg = Debug|Win32
		{971BEF0F-53A7-4C08-AE7D-E312991E8120}.Debug|x86.Build.0 = Debug|Win32
		{971BEF0F-53A7-4C08-AE7D-E312991E8120}.Release|x64.ActiveCfg = Release|x64
		{971BEF0F-53A7-4C08-AE7D-E312991E8120}.Release|x64.Build.0 = Release|x64
		{971BEF0F-53A7-4C08-AE7D-E312991E8120}.Release|x86.ActiveCfg = Release|Win32
		{971BEF0F-53A7-4C08-AE7D-E312991E8120}.Release|x86.Build.0 = Release|Win32
		{59918730-49DC-4B8E-AB6A-82D06E172A4B}.Debug|x64.ActiveCfg = Debug|x64
		{59918730-49DC-4B8E-AB6A-82D06E172A4B}.Debug|x64.Build.0 = Debug|x64
		{59918730-49DC-4B8E-AB6A-82D06E172A4B}.Debug|x86.ActiveCfg = Debug|Win32
		{59918730-49DC-4B8E-AB6A-82D06E172A4B}.Debug|x86.Build.0 = Debug|Win32
		{59918730-49DC-4B8E-AB6A-82D06E172A4B}.Release|x64.ActiveCfg = Release|x64
		{59918730-49DC-4B8E-AB6A-82D06E172A4B}.Release|x64.Build.0 = Release|x64
		{59918730-49DC-4B8E-AB6A-82D06E172A4B}.Release|x86.ActiveCfg = Release|Win32
		{59918730-49DC-4B8E-AB6A-82D06E172A4B}.Release|x86.Build.0 = Release|Win32
		{A379403F-49D6-4895-94DA-CC4BB73B5B0E}.Debug|x64.ActiveCfg = Debug|x64
		{A379403F-49D6-4895-94DA-CC4BB73B5B0E}.Debug|x64.Build.0 = Debug|x64
		{A379403F-49D6-4895-94DA-CC4BB73B5B0E}.Debug|x86.ActiveCfg = Debug|Win32
		{A379403F-49D6-4895-94DA-CC4BB73B5B0E}.Debug|x86.Build.0 = Debug|Win32
		{A379403F-49D6-4895-94DA-CC4BB73B5B0E}.Release|x64.ActiveCfg = Release|x64
		{A379403F-49D6-4895-94DA-CC4BB73B5B0E}.Release|x64.Build.0 = Release|x64
		{A379403F-49D6-4895-94DA-CC4BB73B5B0E}.Release|x86.ActiveCfg = Release|Win32
		{A379403F-49D6-4895-94DA-CC4BB73B5B0E}.Release|x86.Build.0 = Release|Win32
		{06B4A19F-1E7C-4B64-85C4-46FD6B541D02}.Debug|x64.ActiveCfg = Debug|x64
		{06B4A19F-1E7C-4B64-85C4-46FD6B541D02}.Debug|x64.Build.0 = Debug|x64
		{06B4A19F-1E7C-4B64-85C4-46FD6B541D02}.Debug|x86.ActiveCfg = Debug|Win32
		{06B4A19F-1E7C-4B64-85C4-46FD6B541D02}.Debug|x86.Build.0 = Debug|Win32
		{06B4A19F-1E7C-4B64-85C4-46FD6B541D02}.Release|x64.ActiveCfg = Release|x64
		{06B4A19F-1E7C-4B64-85C4-46FD6B541D02}.Release|x64.Build.0 = Release|x64
		{06B4A19F-1E7C-4B64-85C4-46FD6B541D02}.Release|x86.ActiveCfg = Release|Win32
		{06B4A19F-1E7C-4B64-85C4-46FD6B541D02}.Release|x86.Build.0 = Release|Win32
		{B0D60AEE-7F6A-499A-8DA5-AA07EEE6EFAC}.Debug|x64.ActiveCfg = Debug|x64
		{B0D60AEE-7F6A-499A-8DA5-AA07EEE6EFAC}.Debug|x64.Build.0 = Debug|x64
		{B0D60AEE-7F6A-499A-8DA5-AA07EEE6EFAC}.Debug|x86.ActiveCfg = Debug|Win32
		{B0D60AEE-7F6A-499A-8DA5-AA07EEE6EFAC}.Debug|x86.Build.0 = Debug|Win32
		{B0D60AEE-7F6A-499A-8DA5-AA07EEE6EFAC}.Release|x64.ActiveCfg = Release|x64
		{B0D60AEE-7F6A-499A-8DA5-AA07EEE6EFAC}.Release|x64.Build.0 = Release|x64
		{B0D60AEE-7F6A-499A-8DA5-AA07EEE6EFAC}.Release|x86.ActiveCfg = Release|Win32
		{B0D60AEE-7F6A-499A-8DA5-AA07EEE6EFAC}.Release|x86.Build.0 = Release|Win32
		{20F8CC17-1107-49BE-8EBB-7B1BD99CED38}.Debug|x64.ActiveCfg = Debug|x64
		{20F8CC17-1107-49BE-8EBB-7B1BD99CED38}.Debug|x64.Build.0 = Debug|x64
		{20F8CC17-1107-49BE-8EBB-7B1BD99CED38}.Debug|x86.ActiveCfg = Debug|Win32
		{20F8CC17-1107-49BE-8EBB-7B1BD99CED38}.Debug|x86.Build.0 = Debug|Win32
		{20F8CC17-1107-49BE-8EBB-7B1BD99CED38}.Release|x64.ActiveCfg = Release|x64
		{20F8CC17-1107-49BE-8EBB-7B1BD99CED38}.Release|x64.Build.0 = Release|x64
		{20F8CC17-1107-49BE-8EBB-7B1BD99CED38}.Release|x86.ActiveCfg = Release|Win32
		{20F8CC17-1107-49BE-8EBB-7B1BD99CED38}.Release|x86.Build.0 = Release|Win32
		{7467D197-0660-491B-89AC-C145D42A7D8D}.Debug|x64.ActiveCfg = Debug|x64
		{7467D197-0660-491B-89AC-C145D42A7D8D}.Debug|x64.Build.0 = Debug|x64
		{7467D197-0660-491B-89AC-C145D42A7D8D}.Debug|x86.ActiveCfg = Debug|Win32
		{7467D197-0660-491B-89AC-C145D42A7D8D}.Debug|x86.Build.0 = Debug|Win32
		{7467D197-0660-491B-89AC-C145D42A7D8D}.Release|x64.ActiveCfg = Release|x64
		{7467D197-0660-491B-89AC-C145D42A7D8D}.Release|x64.Build.0 = Release|x64
		{7467D197-0660-491B-89AC-C145D42A7D8D}.Release|x86.ActiveCfg = Release|Win32
		{7467D197-0660-491B-89AC-C145D42A7D8D}.Release|x86.Build.0 = Release|Win32
		{38545B30-0546-4626-8B9B-6764507CAD91}.Debug|x64.ActiveCfg = Debug|x64
		{38545B30-0546-4626-8B9B-6764507CAD91}.Debug|x64.Build.0 = Debug|x64
		{38545B30-0546-4626-8B9B-6764507CAD91}.Debug|x86.ActiveCfg = Debug|Win32
		{38545B30-0546-4626-8B9B-6764507CAD91}.Debug|x86.Build.0 = Debug|Win32
		{38545B30-0546-4626-8B9B-6764507CAD91}.Release|x64.ActiveCfg = Release|x64
		{38545B30-0546-4626-8B9B-6764507CAD91}.Release|x64.Build.0 = Release|x64
		{38545B30-0546-4626-8B9B-6764507CAD91}.Release|x86.ActiveCfg = Release|Win32
		{38545B30-0546-4626-8B9B-6764507CAD91}.Release|x86.Build.0 = Release|Win32
		{D46C2C8A-3441-43B0-B93D-84E2D6DFE4C9}.Debug|x64.ActiveCfg = Debug|x64
		{D46C2C8A-3441-43B0-B93D-84E2D6DFE4C9}.Debug|x64.Build.0 = Debug|x64
		{D46C2C8A-3441-43B0-B93D-84E2D6DFE4C9}.Debug|x86.ActiveCfg = Debug|Win32
		{D46C2C8A-3441-43B0-B93D-84E2D6DFE4C9}.Debug|x86.Build.0 = Debug|Win32
		{D46C2C8A-3441-43B0-B93D-84E2D6DFE4C9}.Release|x64.ActiveCfg = Release|x64
		{D46C2C8A-3441-43B0-B93D-84E2D6DFE4C9}.Release|x64.Build.0 = Release|x64
		{D46C2C8A-3441-43B0-B93D-84E2D6DFE4C9}.Release|x86.ActiveCfg = Release|Win32
		{D46C2C8A-3441-43B0-B93D-84E2D6DFE4C9}.Release|x86.Build.0 = Release|Win32
		{802C6E93-BB66-425A-AE8C-AB674F4CFF9D}.Debug|x64.ActiveCfg = Debug|x64
		{802C6E93-BB66-425A-AE8C-AB674F4CFF9D}.Debug|x64.Build.0 = Debug|x64
		{802C6E93-BB66-425A-AE8C-AB674F4CFF9D}.Debug|x86.ActiveCfg = Debug|Win32
		{802C6E93-BB66-425A-AE8C-AB674F4CFF9D}.Debug|x86.Build.0 = Debug|Win32
		{802C6E93-BB66-425A-AE8C-AB674F4CFF9D}.Release|x64.ActiveCfg = Release|x64
		{802C6E93-BB66-425A-AE8C-AB674F4CFF9D}.Release|x64.Build.0 = Release|x64
		{802C6E93-BB66-425A-AE8C-AB674F4CFF9D}.Release|x86.ActiveCfg = Release|Win32
		{802C6E93-BB66-425A-AE8C-AB674F4CFF9D}.Release|x86.Build.0 = Release|Win32
		{0EFCDFD1-7307-4F17-BEC2-921708D938CF}.Debug|x64.ActiveCfg = Debug|x64
		{0EFCDFD1-7307-4F17-BEC2-921708D938CF}.Debug|x64.Build.0 = Debug|x64
		{0EFCDFD1-7307-4F17-BEC2-921708D938CF}.Debug|x86.ActiveCfg = Debug|Win32
		{0EFCDFD1-7307-4F17-BEC2-921708D938CF}.Debug|x86.Build.0 = Debug|Win32
		{0EFCDFD1-7307-4F17-BEC2-921708D938CF}.Release|x64.ActiveCfg = Release|x64
		{0EFCDFD1-7307-4F17-BEC2-921708D938CF}.Release|x64.Build.0 = Release|x64
		{0EFCDFD1-7307-4F17-BEC2-921708D938CF}.Release|x86.ActiveCfg = Release|Win32
		{0EFCDFD1-7307-4F17-BEC2-921708D938CF}.Release|x86.Build.0 = Release|Win32
		{865DB4BF-9DBA-4418-9CF9-654A6E6DF0C4}.Debug|x64.ActiveCfg = Debug|x64
		{865DB4BF-9DBA-4418-9CF9-654A6E6DF0C4}.Debug|x64.Build.0 = Debug|x64
		{865DB4BF-9DBA-4418-9CF9-654A6E6DF0C4}.Debug|x86.ActiveCfg = Debug|Win32
		{865DB4BF-9DBA-4418-9CF9-654A6E6DF0C4}.Debug|x86.Build.0 = Debug|Win32
		{865DB4BF-9DBA-4418-9CF9-654A6E6DF0C4}.Release|x64.ActiveCfg = Release|x64
		{865DB4BF-9DBA-4418-9CF9-654A6E6DF0C4}.Release|x64.Build.0 = Release|x64
		{865DB4BF-9DBA-4418-9CF9-654A6E6DF0C4}.Release|x86.ActiveCfg = Release|Win32
		{865DB4BF-9DBA-4418-9CF9-654A6E6DF0C4}.Release|x86.Build.0 = Release|Win32
		{B206801A-04A4-4C1E-A40D-079E14FC7E11}.Debug|x64.ActiveCfg = Debug|x64
		{B206801A-04A4-4C1E-A40D-079E14FC7E11}.Debug|x64.Build.0 = Debug|x64
		{B206801A-04A4-4C1E-A40D-079E14FC7E11}.Debug|x86.ActiveCfg = Debug|Win32
		{B206801A-04A4-4C1E-A40D-079E14FC7E11}.Debug|x86.Build.0 = Debug|Win32
		{B206801A-04A4-4C1E-A40D-079E14FC7E11}.Release|x64.ActiveCfg = Release|x64
		{B206801A-04A4-4C1E-A40D-079E14FC7E11}.Release|x64.Build.0 = Release|x64
		{B206801A-04A4-4C1E-A40D-079E14FC7E11}.Release|x86.ActiveCfg = Release|Win32
		{B206801A-04A4-4C1E-A40D-079E14FC7E11}.Release|x86.Build.0 = Release|Win32
		{72BBDAD4-A851-48B8-A3BA-7A1F81D9CF53}.Debug|x64.ActiveCfg = Debug|x64
		{72BBDAD4-A851-48B8-A3BA-7A1F81D9CF53}.Debug|x64.Build.0 = Debug|x64
		{72BBDAD4-A851-48B8-A3BA-7A1F81D9CF53}.Debug|x86.ActiveCfg = Debug|Win32
		{72BBDAD4-A851-48B8-A3BA-7A1F81D9CF53}.Debug|x86.Build.0 = Debug|Win32
		{72BBDAD4-A851-48B8-A3BA-7A1F81D9CF53}.Release|x64.ActiveCfg = Release|x64
		{72BBDAD4-A851-48B8-A3BA-7A1F81D9CF53}.Release|x64.Build.0 = Release|x64
		{72BBDAD4-A851-48B8-A3BA-7A1F81D9CF53}.Release|x86.ActiveCfg = Release|Win32
		{72BBDAD4-A851-48B8-A3BA-7A1F81D9CF53}.Release|x86.Build.0 = Release|Win32
		{26C1E99A-A4F6-4C1E-94B9-208A031232C1}.Debug|x64.ActiveCfg = Debug|x64
		{26C1E99A-A4F6-4C1E-94B9-208A031232C1}.Debug|x64.Build.0 = Debug|x64
		{26C1E99A-A4F6-4C1E-94B9-208A031232C1}.Debug|x86.ActiveCfg = Debug|Win32
		{26C1E99A-A4F6-4C1E-94B9-208A031232C1}.Debug|x86.Build.0 = Debug|Win32
		{26C1E99A-A4F6-4C1E-94B9-208A031232C1}.Release|x64.ActiveCfg = Release|x64
		{26C1E99A-A4F6-4C1E-94B9-208A031232C1}.Release|x64.Build.0 = Release|x64
		{26C1E99A-A4F6-4C1E-94B9-208A031232C1}.Release|x86.ActiveCfg = Release|Win32
		{26C1E99A-A4F6-4C1E-94B9-208A031232C1}.Release|x86.Build.0 = Release|Win32
		{23380D48-094E-4745-BACB-C584B81C86A1}.Debug|x64.ActiveCfg = Debug|x64
		{23380D48-094E-4745-BACB-C584B81C86A1}.Debug|x64.Build.0 = Debug|x64
		{23380D48-094E-4745-BACB-C584B81C86A1}.Debug|x86.ActiveCfg = Debug|Win32
		{23380D48-094E-4745-BACB-C584B81C86A1}.Debug|x86.Build.0 = Debug|Win32
		{23380D48-094E-4745-BACB-C584B81C86A1}.Release|x64.ActiveCfg = Release|x64
		{23380D48-094E-4745-BACB-C584B81C86A1}.Release|x64.Build.0 = Release|x64
		{23380D48-094E-4745-BACB-C584B81C86A1}.Release|x86.ActiveCfg = Release|Win32
		{23380D48-094E-4745-BACB-C584B81C86A1}.Release|x86.Build.0 = Release|Win32
		{DF0899F5-9323-4EAD-8379-D5CF158C6024}.Debug|x64.ActiveCfg = Debug|x64
		{DF0899F5-9323-4EAD-8379-D5CF158C6024}.Debug|x64.Build.0 = Debug|x64
		{DF0899F5-9323-4EAD-8379-D5CF158C6024}.Debug|x86.ActiveCfg = Debug|Win32
		{DF0899F5-9323-4EAD-8379-D5CF158C6024}.Debug|x86.Build.0 = Debug|Win32
		{DF0899F5-9323-4EAD-8379-D5CF158C6024}.Release|x64.ActiveCfg = Release|x64
		{DF0899F5-9323-4EAD-8379-D5CF158C6024}.Release|x64.Build.0 = Release|x64
		{DF0899F5-9323-4EAD-8379-D5CF158C6024}.Release|x86.ActiveCfg = Release|Win32
		{DF0899F5-9323-4EAD-8379-D5CF158C6024}.Release|x86.Build.0 = Release|Win32
		{43F0EC3A-5746-4479-84B8-3F5DD88958A2}.Debug|x64.ActiveCfg = Debug|x64
		{43F0EC3A-5746-4479-84B8-3F5DD88958A2}.Debug|x64.Build.0 = Debug|x64
		{43F0EC3A-5746-4479-84B8-3F5DD88958A2}.Debug|x86.ActiveCfg = Debug|Win32
		{43F0EC3A-5746-4479-84B8-3F5DD88958A2}.Debug|x86.Build.0 = Debug|Win32
		{43F0EC3A-5746-4479-84B8-3F5DD88958A2}.Release|x64.ActiveCfg = Release|x64
		{43F0EC3A-5746-4479-84B8-3F5DD88958A2}.Release|x64.Build.0 = Release|x64
		{43F0EC3A-5746-4479-84B8-3F5DD88958A2}.Release|x86.ActiveCfg = Release|Win32
		{43F0EC3A-5746-4479-84B8-3F5DD88958A2}.Release|x86.Build.0 = Release|Win32
		{EB348E12-4D2E-46F1-A959-F05F75593336}.Debug|x64.ActiveCfg = Debug|x64
		{EB348E12-4D2E-46F1-A959-F05F75593336}.Debug|x64.Build.0 = Debug|x64
		{EB348E12-4D2E-46F1-A959-F05F75593336}.Debug|x86.ActiveCfg = Debug|Win32
		{EB348E12-4D2E-46F1-A959-F05F75593336}.Debug|x86.Build.0 = Debug|Win32
		{EB348E12-4D2E-46F1-A959-F05F75593336}.Release|x64.ActiveCfg = Release|x64
		{EB348E12-4D2E-46F1-A959-F05F75593336}.Release|x64.Build.0 = Release|x64
		{EB348E12-4D2E-46F1-A959-F05F75593336}.Release|x86.ActiveCfg = Release|Win32
		{EB348E12-4D2E-46F1-A959-F05F75593336}.Release|x86.Build.0 = Release|Win32
		{80A3A988-8EA4-4867-8015-BCB7F65642C3}.Debug|x64.ActiveCfg = Debug|x64
		{80A3A988-8EA4-4867-8015-BCB7F65642C3}.Debug|x64.Build.0 = Debug|x64
		{80A3A988-8EA4-4867-8015-BCB7F65642C3}.Debug|x86.ActiveCfg = Debug|Win32
		{80A3A988-8EA4-4867-8015-BCB7F65642C3}.Debug|x86.Build.0 = Debug|Win32
		{80A3A988-8EA4-4867-8015-BCB7F65642C3}.Release|x64.ActiveCfg = Release|x64
		{80A3A988-8EA4-4867-8015-BCB7F65642C3}.Release|x64.Build.0 = Release|x64
		{80A3A988-8EA4-4867-8015-BCB7F65642C3}.Release|x86.ActiveCfg = Release|Win32
		{80A3A988-8EA4-4867-8015-BCB7F65642C3}.Release|x86.Build.0 = Release|Win32
		{45F8203C-64D9-4D05-81BE-7E4101109611}.Debug|x64.ActiveCfg = Debug|x64
		{45F8203C-64D9-4D05-81BE-7E4101109611}.Debug|x64.Build.0 = Debug|x64
		{45F8203C-64D9-4D05-81BE-7E4101109611}.Debug|x86.ActiveCfg = Debug|Win32
		{45F8203C-64D9-4D05-81BE-7E4101109611}.Debug|x86.Build.0 = Debug|Win32
		{45F8203C-64D9-4D05-81BE-7E4101109611}.Release|x64.ActiveCfg = Release|x64
		{45F8203C-64D9-4D05-81BE-7E4101109611}.Release|x64.Build.0 = Release|x64
		{45F8203C-64D9-4D05-81BE-7E4101109611}.Release|x86.ActiveCfg = Release|Win32
		{45F8203C-64D9-4D05-81BE-7E4101109611}.Release|x86.Build.0 = Release|Win32
		{1AC51EE7-0C57-4901-9A07-1B322A33AB67}.Debug|x64.ActiveCfg = Debug|x64
		{1AC51EE7-0C57-4901-9A07-1B322A33AB67}.Debug|x64.Build.0 = Debug|x64
		{1AC51EE7-0C57-4901-9A07-1B322A33AB67}.Debug|x86.ActiveCfg = Debug|Win32
		{1AC51EE7-0C57-4901-9A07-1B322A33AB67}.Debug|x86.Build.0 = Debug|Win32
		{1AC51EE7-0C57-4901-9A07-1B322A33AB67}.Release|x64.ActiveCfg = Release|x64
		{1AC51EE7-0C57-4901-9A07-1B322A33AB67}.Release|x64.Build.0 = Release|x64
		{1AC51EE7-0C57-4901-9A07-1B322A33AB67}.Release|x86.ActiveCfg = Release|Win32
		{1AC51EE7-0C57-4901-9A07-1B322A33AB67}.Release|x86.Build.0 = Release|Win32
	EndGlobalSection
	GlobalSection(SolutionProperties) = preSolution
		HideSolutionNode = FALSE
	EndGlobalSection
	GlobalSection(ExtensibilityGlobals) = postSolution
		SolutionGuid = {1FBFA963-DFD9-465E-999F-47920F35D634}
	EndGlobalSection
EndGlobal
