
Microsoft Visual Studio Solution File, Format Version 12.00
# Visual Studio Version 17
VisualStudioVersion = 17.8.34322.80
MinimumVisualStudioVersion = 10.0.40219.1
Project("{8BC9CEB8-8B4A-11D0-8D11-00A0C91BC942}") = "helloworld", "roadmap_cpp\roadmap_cpp.vcxproj", "{5415FD00-05BA-4540-9E71-44D8C0BD5079}"
EndProject
Project("{8BC9CEB8-8B4A-11D0-8D11-00A0C91BC942}") = "BasicOperations", "BasicOperations\BasicOperations.vcxproj", "{53FE6E4C-A564-48E3-8C84-E5EE6FEA9C81}"
EndProject
Project("{8BC9CEB8-8B4A-11D0-8D11-00A0C91BC942}") = "Functions", "Functions\Functions.vcxproj", "{C36C0DCE-1F4E-4596-A92D-7B32979529A3}"
EndProject
Project("{8BC9CEB8-8B4A-11D0-8D11-00A0C91BC942}") = "LambdaFunctions", "LambdaFunctions\LambdaFunctions.vcxproj", "{43EDB3C7-AB9C-4D7A-8792-E2C3029E027C}"
EndProject
Project("{8BC9CEB8-8B4A-11D0-8D11-00A0C91BC942}") = "Operators", "Operators\Operators.vcxproj", "{C1951CF2-1535-4DA9-81C4-4F4031961BB5}"
EndProject
Project("{8BC9CEB8-8B4A-11D0-8D11-00A0C91BC942}") = "DataTypes", "DataTypes\DataTypes.vcxproj", "{D27B5A93-09BF-40E0-95B4-35A7DAC340D6}"
EndProject
Project("{8BC9CEB8-8B4A-11D0-8D11-00A0C91BC942}") = "StaticTyping", "StaticTyping\StaticTyping.vcxproj", "{D8ED46B8-3B5B-46B8-A6A3-54C43554C2F4}"
EndProject
Project("{8BC9CEB8-8B4A-11D0-8D11-00A0C91BC942}") = "DynamicTyping", "DynamicTyping\DynamicTyping.vcxproj", "{5E2494B7-9E0D-403F-8131-0CE008DAAD22}"
EndProject
Project("{8BC9CEB8-8B4A-11D0-8D11-00A0C91BC942}") = "Run-TimeTypeIdentification", "Run-TimeTypeIdentification\Run-TimeTypeIdentification.vcxproj", "{DC40EE1F-CEC1-409B-80FA-F92FD2BF01AE}"
EndProject
Project("{8BC9CEB8-8B4A-11D0-8D11-00A0C91BC942}") = "PointersReferences", "PointersReferences\PointersReferences.vcxproj", "{D79C907F-DF6C-4A03-90ED-CFA8B1D27561}"
EndProject
Project("{8BC9CEB8-8B4A-11D0-8D11-00A0C91BC942}") = "References", "References\References.vcxproj", "{56A8A432-92FE-4464-B580-93DA7438A73C}"
EndProject
Project("{8BC9CEB8-8B4A-11D0-8D11-00A0C91BC942}") = "MemoryModel", "MemoryModel\MemoryModel.vcxproj", "{7AF35372-2496-4B56-BFCC-47214B437FAC}"
EndProject
Project("{8BC9CEB8-8B4A-11D0-8D11-00A0C91BC942}") = "ObjectLifetime", "ObjectLifetime\ObjectLifetime.vcxproj", "{5EE8B043-7F43-4D8E-B56F-633E9050820A}"
EndProject
Project("{8BC9CEB8-8B4A-11D0-8D11-00A0C91BC942}") = "new_delete_operators", "new_delete_operators\new_delete_operators.vcxproj", "{877AA26B-4C7B-4890-923A-5A05D412C181}"
EndProject
Global
	GlobalSection(SolutionConfigurationPlatforms) = preSolution
		Debug|x64 = Debug|x64
		Debug|x86 = Debug|x86
		Release|x64 = Release|x64
		Release|x86 = Release|x86
	EndGlobalSection
	GlobalSection(ProjectConfigurationPlatforms) = postSolution
		{5415FD00-05BA-4540-9E71-44D8C0BD5079}.Debug|x64.ActiveCfg = Debug|x64
		{5415FD00-05BA-4540-9E71-44D8C0BD5079}.Debug|x64.Build.0 = Debug|x64
		{5415FD00-05BA-4540-9E71-44D8C0BD5079}.Debug|x86.ActiveCfg = Debug|Win32
		{5415FD00-05BA-4540-9E71-44D8C0BD5079}.Debug|x86.Build.0 = Debug|Win32
		{5415FD00-05BA-4540-9E71-44D8C0BD5079}.Release|x64.ActiveCfg = Release|x64
		{5415FD00-05BA-4540-9E71-44D8C0BD5079}.Release|x64.Build.0 = Release|x64
		{5415FD00-05BA-4540-9E71-44D8C0BD5079}.Release|x86.ActiveCfg = Release|Win32
		{5415FD00-05BA-4540-9E71-44D8C0BD5079}.Release|x86.Build.0 = Release|Win32
		{53FE6E4C-A564-48E3-8C84-E5EE6FEA9C81}.Debug|x64.ActiveCfg = Debug|x64
		{53FE6E4C-A564-48E3-8C84-E5EE6FEA9C81}.Debug|x64.Build.0 = Debug|x64
		{53FE6E4C-A564-48E3-8C84-E5EE6FEA9C81}.Debug|x86.ActiveCfg = Debug|Win32
		{53FE6E4C-A564-48E3-8C84-E5EE6FEA9C81}.Debug|x86.Build.0 = Debug|Win32
		{53FE6E4C-A564-48E3-8C84-E5EE6FEA9C81}.Release|x64.ActiveCfg = Release|x64
		{53FE6E4C-A564-48E3-8C84-E5EE6FEA9C81}.Release|x64.Build.0 = Release|x64
		{53FE6E4C-A564-48E3-8C84-E5EE6FEA9C81}.Release|x86.ActiveCfg = Release|Win32
		{53FE6E4C-A564-48E3-8C84-E5EE6FEA9C81}.Release|x86.Build.0 = Release|Win32
		{C36C0DCE-1F4E-4596-A92D-7B32979529A3}.Debug|x64.ActiveCfg = Debug|x64
		{C36C0DCE-1F4E-4596-A92D-7B32979529A3}.Debug|x64.Build.0 = Debug|x64
		{C36C0DCE-1F4E-4596-A92D-7B32979529A3}.Debug|x86.ActiveCfg = Debug|Win32
		{C36C0DCE-1F4E-4596-A92D-7B32979529A3}.Debug|x86.Build.0 = Debug|Win32
		{C36C0DCE-1F4E-4596-A92D-7B32979529A3}.Release|x64.ActiveCfg = Release|x64
		{C36C0DCE-1F4E-4596-A92D-7B32979529A3}.Release|x64.Build.0 = Release|x64
		{C36C0DCE-1F4E-4596-A92D-7B32979529A3}.Release|x86.ActiveCfg = Release|Win32
		{C36C0DCE-1F4E-4596-A92D-7B32979529A3}.Release|x86.Build.0 = Release|Win32
		{43EDB3C7-AB9C-4D7A-8792-E2C3029E027C}.Debug|x64.ActiveCfg = Debug|x64
		{43EDB3C7-AB9C-4D7A-8792-E2C3029E027C}.Debug|x64.Build.0 = Debug|x64
		{43EDB3C7-AB9C-4D7A-8792-E2C3029E027C}.Debug|x86.ActiveCfg = Debug|Win32
		{43EDB3C7-AB9C-4D7A-8792-E2C3029E027C}.Debug|x86.Build.0 = Debug|Win32
		{43EDB3C7-AB9C-4D7A-8792-E2C3029E027C}.Release|x64.ActiveCfg = Release|x64
		{43EDB3C7-AB9C-4D7A-8792-E2C3029E027C}.Release|x64.Build.0 = Release|x64
		{43EDB3C7-AB9C-4D7A-8792-E2C3029E027C}.Release|x86.ActiveCfg = Release|Win32
		{43EDB3C7-AB9C-4D7A-8792-E2C3029E027C}.Release|x86.Build.0 = Release|Win32
		{C1951CF2-1535-4DA9-81C4-4F4031961BB5}.Debug|x64.ActiveCfg = Debug|x64
		{C1951CF2-1535-4DA9-81C4-4F4031961BB5}.Debug|x64.Build.0 = Debug|x64
		{C1951CF2-1535-4DA9-81C4-4F4031961BB5}.Debug|x86.ActiveCfg = Debug|Win32
		{C1951CF2-1535-4DA9-81C4-4F4031961BB5}.Debug|x86.Build.0 = Debug|Win32
		{C1951CF2-1535-4DA9-81C4-4F4031961BB5}.Release|x64.ActiveCfg = Release|x64
		{C1951CF2-1535-4DA9-81C4-4F4031961BB5}.Release|x64.Build.0 = Release|x64
		{C1951CF2-1535-4DA9-81C4-4F4031961BB5}.Release|x86.ActiveCfg = Release|Win32
		{C1951CF2-1535-4DA9-81C4-4F4031961BB5}.Release|x86.Build.0 = Release|Win32
		{D27B5A93-09BF-40E0-95B4-35A7DAC340D6}.Debug|x64.ActiveCfg = Debug|x64
		{D27B5A93-09BF-40E0-95B4-35A7DAC340D6}.Debug|x64.Build.0 = Debug|x64
		{D27B5A93-09BF-40E0-95B4-35A7DAC340D6}.Debug|x86.ActiveCfg = Debug|Win32
		{D27B5A93-09BF-40E0-95B4-35A7DAC340D6}.Debug|x86.Build.0 = Debug|Win32
		{D27B5A93-09BF-40E0-95B4-35A7DAC340D6}.Release|x64.ActiveCfg = Release|x64
		{D27B5A93-09BF-40E0-95B4-35A7DAC340D6}.Release|x64.Build.0 = Release|x64
		{D27B5A93-09BF-40E0-95B4-35A7DAC340D6}.Release|x86.ActiveCfg = Release|Win32
		{D27B5A93-09BF-40E0-95B4-35A7DAC340D6}.Release|x86.Build.0 = Release|Win32
		{D8ED46B8-3B5B-46B8-A6A3-54C43554C2F4}.Debug|x64.ActiveCfg = Debug|x64
		{D8ED46B8-3B5B-46B8-A6A3-54C43554C2F4}.Debug|x64.Build.0 = Debug|x64
		{D8ED46B8-3B5B-46B8-A6A3-54C43554C2F4}.Debug|x86.ActiveCfg = Debug|Win32
		{D8ED46B8-3B5B-46B8-A6A3-54C43554C2F4}.Debug|x86.Build.0 = Debug|Win32
		{D8ED46B8-3B5B-46B8-A6A3-54C43554C2F4}.Release|x64.ActiveCfg = Release|x64
		{D8ED46B8-3B5B-46B8-A6A3-54C43554C2F4}.Release|x64.Build.0 = Release|x64
		{D8ED46B8-3B5B-46B8-A6A3-54C43554C2F4}.Release|x86.ActiveCfg = Release|Win32
		{D8ED46B8-3B5B-46B8-A6A3-54C43554C2F4}.Release|x86.Build.0 = Release|Win32
		{5E2494B7-9E0D-403F-8131-0CE008DAAD22}.Debug|x64.ActiveCfg = Debug|x64
		{5E2494B7-9E0D-403F-8131-0CE008DAAD22}.Debug|x64.Build.0 = Debug|x64
		{5E2494B7-9E0D-403F-8131-0CE008DAAD22}.Debug|x86.ActiveCfg = Debug|Win32
		{5E2494B7-9E0D-403F-8131-0CE008DAAD22}.Debug|x86.Build.0 = Debug|Win32
		{5E2494B7-9E0D-403F-8131-0CE008DAAD22}.Release|x64.ActiveCfg = Release|x64
		{5E2494B7-9E0D-403F-8131-0CE008DAAD22}.Release|x64.Build.0 = Release|x64
		{5E2494B7-9E0D-403F-8131-0CE008DAAD22}.Release|x86.ActiveCfg = Release|Win32
		{5E2494B7-9E0D-403F-8131-0CE008DAAD22}.Release|x86.Build.0 = Release|Win32
		{DC40EE1F-CEC1-409B-80FA-F92FD2BF01AE}.Debug|x64.ActiveCfg = Debug|x64
		{DC40EE1F-CEC1-409B-80FA-F92FD2BF01AE}.Debug|x64.Build.0 = Debug|x64
		{DC40EE1F-CEC1-409B-80FA-F92FD2BF01AE}.Debug|x86.ActiveCfg = Debug|Win32
		{DC40EE1F-CEC1-409B-80FA-F92FD2BF01AE}.Debug|x86.Build.0 = Debug|Win32
		{DC40EE1F-CEC1-409B-80FA-F92FD2BF01AE}.Release|x64.ActiveCfg = Release|x64
		{DC40EE1F-CEC1-409B-80FA-F92FD2BF01AE}.Release|x64.Build.0 = Release|x64
		{DC40EE1F-CEC1-409B-80FA-F92FD2BF01AE}.Release|x86.ActiveCfg = Release|Win32
		{DC40EE1F-CEC1-409B-80FA-F92FD2BF01AE}.Release|x86.Build.0 = Release|Win32
		{D79C907F-DF6C-4A03-90ED-CFA8B1D27561}.Debug|x64.ActiveCfg = Debug|x64
		{D79C907F-DF6C-4A03-90ED-CFA8B1D27561}.Debug|x64.Build.0 = Debug|x64
		{D79C907F-DF6C-4A03-90ED-CFA8B1D27561}.Debug|x86.ActiveCfg = Debug|Win32
		{D79C907F-DF6C-4A03-90ED-CFA8B1D27561}.Debug|x86.Build.0 = Debug|Win32
		{D79C907F-DF6C-4A03-90ED-CFA8B1D27561}.Release|x64.ActiveCfg = Release|x64
		{D79C907F-DF6C-4A03-90ED-CFA8B1D27561}.Release|x64.Build.0 = Release|x64
		{D79C907F-DF6C-4A03-90ED-CFA8B1D27561}.Release|x86.ActiveCfg = Release|Win32
		{D79C907F-DF6C-4A03-90ED-CFA8B1D27561}.Release|x86.Build.0 = Release|Win32
		{56A8A432-92FE-4464-B580-93DA7438A73C}.Debug|x64.ActiveCfg = Debug|x64
		{56A8A432-92FE-4464-B580-93DA7438A73C}.Debug|x64.Build.0 = Debug|x64
		{56A8A432-92FE-4464-B580-93DA7438A73C}.Debug|x86.ActiveCfg = Debug|Win32
		{56A8A432-92FE-4464-B580-93DA7438A73C}.Debug|x86.Build.0 = Debug|Win32
		{56A8A432-92FE-4464-B580-93DA7438A73C}.Release|x64.ActiveCfg = Release|x64
		{56A8A432-92FE-4464-B580-93DA7438A73C}.Release|x64.Build.0 = Release|x64
		{56A8A432-92FE-4464-B580-93DA7438A73C}.Release|x86.ActiveCfg = Release|Win32
		{56A8A432-92FE-4464-B580-93DA7438A73C}.Release|x86.Build.0 = Release|Win32
		{7AF35372-2496-4B56-BFCC-47214B437FAC}.Debug|x64.ActiveCfg = Debug|x64
		{7AF35372-2496-4B56-BFCC-47214B437FAC}.Debug|x64.Build.0 = Debug|x64
		{7AF35372-2496-4B56-BFCC-47214B437FAC}.Debug|x86.ActiveCfg = Debug|Win32
		{7AF35372-2496-4B56-BFCC-47214B437FAC}.Debug|x86.Build.0 = Debug|Win32
		{7AF35372-2496-4B56-BFCC-47214B437FAC}.Release|x64.ActiveCfg = Release|x64
		{7AF35372-2496-4B56-BFCC-47214B437FAC}.Release|x64.Build.0 = Release|x64
		{7AF35372-2496-4B56-BFCC-47214B437FAC}.Release|x86.ActiveCfg = Release|Win32
		{7AF35372-2496-4B56-BFCC-47214B437FAC}.Release|x86.Build.0 = Release|Win32
		{5EE8B043-7F43-4D8E-B56F-633E9050820A}.Debug|x64.ActiveCfg = Debug|x64
		{5EE8B043-7F43-4D8E-B56F-633E9050820A}.Debug|x64.Build.0 = Debug|x64
		{5EE8B043-7F43-4D8E-B56F-633E9050820A}.Debug|x86.ActiveCfg = Debug|Win32
		{5EE8B043-7F43-4D8E-B56F-633E9050820A}.Debug|x86.Build.0 = Debug|Win32
		{5EE8B043-7F43-4D8E-B56F-633E9050820A}.Release|x64.ActiveCfg = Release|x64
		{5EE8B043-7F43-4D8E-B56F-633E9050820A}.Release|x64.Build.0 = Release|x64
		{5EE8B043-7F43-4D8E-B56F-633E9050820A}.Release|x86.ActiveCfg = Release|Win32
		{5EE8B043-7F43-4D8E-B56F-633E9050820A}.Release|x86.Build.0 = Release|Win32
		{877AA26B-4C7B-4890-923A-5A05D412C181}.Debug|x64.ActiveCfg = Debug|x64
		{877AA26B-4C7B-4890-923A-5A05D412C181}.Debug|x64.Build.0 = Debug|x64
		{877AA26B-4C7B-4890-923A-5A05D412C181}.Debug|x86.ActiveCfg = Debug|Win32
		{877AA26B-4C7B-4890-923A-5A05D412C181}.Debug|x86.Build.0 = Debug|Win32
		{877AA26B-4C7B-4890-923A-5A05D412C181}.Release|x64.ActiveCfg = Release|x64
		{877AA26B-4C7B-4890-923A-5A05D412C181}.Release|x64.Build.0 = Release|x64
		{877AA26B-4C7B-4890-923A-5A05D412C181}.Release|x86.ActiveCfg = Release|Win32
		{877AA26B-4C7B-4890-923A-5A05D412C181}.Release|x86.Build.0 = Release|Win32
	EndGlobalSection
	GlobalSection(SolutionProperties) = preSolution
		HideSolutionNode = FALSE
	EndGlobalSection
	GlobalSection(ExtensibilityGlobals) = postSolution
		SolutionGuid = {1FBFA963-DFD9-465E-999F-47920F35D634}
	EndGlobalSection
EndGlobal
